
Microsoft Visual Studio Solution File, Format Version 12.00
# Visual Studio 15
VisualStudioVersion = 15.0.28307.136
MinimumVisualStudioVersion = 10.0.40219.1
Project("{8BC9CEB8-8B4A-11D0-8D11-00A0C91BC942}") = "KOV-2019v5", "KOV-2019v5\KOV-2019v5.vcxproj", "{5F143F39-6660-4ABC-B54F-F3477DBCD586}"
EndProject
Global
	GlobalSection(SolutionConfigurationPlatforms) = preSolution
		Debug|x64 = Debug|x64
		Debug|x86 = Debug|x86
		Release|x64 = Release|x64
		Release|x86 = Release|x86
	EndGlobalSection
	GlobalSection(ProjectConfigurationPlatforms) = postSolution
		{5F143F39-6660-4ABC-B54F-F3477DBCD586}.Debug|x64.ActiveCfg = Debug|x64
		{5F143F39-6660-4ABC-B54F-F3477DBCD586}.Debug|x64.Build.0 = Debug|x64
		{5F143F39-6660-4ABC-B54F-F3477DBCD586}.Debug|x86.ActiveCfg = Debug|Win32
		{5F143F39-6660-4ABC-B54F-F3477DBCD586}.Debug|x86.Build.0 = Debug|Win32
		{5F143F39-6660-4ABC-B54F-F3477DBCD586}.Release|x64.ActiveCfg = Release|x64
		{5F143F39-6660-4ABC-B54F-F3477DBCD586}.Release|x64.Build.0 = Release|x64
		{5F143F39-6660-4ABC-B54F-F3477DBCD586}.Release|x86.ActiveCfg = Release|Win32
		{5F143F39-6660-4ABC-B54F-F3477DBCD586}.Release|x86.Build.0 = Release|Win32
	EndGlobalSection
	GlobalSection(SolutionProperties) = preSolution
		HideSolutionNode = FALSE
	EndGlobalSection
	GlobalSection(ExtensibilityGlobals) = postSolution
		SolutionGuid = {46D67D95-4E20-452F-BD01-6891F9735487}
	EndGlobalSection
EndGlobal
